PODS:
  - Flutter (1.0.0)
  - ObjectiveDropboxOfficial (7.4.1)

DEPENDENCIES:
  - Flutter (from `Flutter`)
  - ObjectiveDropboxOfficial

SPEC REPOS:
  trunk:
    - ObjectiveDropboxOfficial

EXTERNAL SOURCES:
  Flutter:
    :path: Flutter

SPEC CHECKSUMS:
  Flutter: e0871f40cf51350855a761d2e70bf5af5b9b5de7
  ObjectiveDropboxOfficial: 8699fa65969a94f8305d8dabf9c9a8dd856ac598

PODFILE CHECKSUM: 2e8d041641681d026c4de366b5092bacaaf78b44

COCOAPODS: 1.15.2
